
Microsoft Visual Studio Solution File, Format Version 12.00
# Visual Studio 15
VisualStudioVersion = 15.0.28307.645
MinimumVisualStudioVersion = 10.0.40219.1
Project("{FAE04EC0-301F-11D3-BF4B-00C04F79EFBC}") = "AstronomicalCatalog", "AstronomicalCatalog\AstronomicalCatalog.csproj", "{0968DB91-03E7-49EB-A954-7CCC1AA1E472}"
EndProject
Global
	GlobalSection(SolutionConfigurationPlatforms) = preSolution
		Debug|Any CPU = Debug|Any CPU
		Release|Any CPU = Release|Any CPU
	EndGlobalSection
	GlobalSection(ProjectConfigurationPlatforms) = postSolution
		{0968DB91-03E7-49EB-A954-7CCC1AA1E472}.Debug|Any CPU.ActiveCfg = Debug|Any CPU
		{0968DB91-03E7-49EB-A954-7CCC1AA1E472}.Debug|Any CPU.Build.0 = Debug|Any CPU
		{0968DB91-03E7-49EB-A954-7CCC1AA1E472}.Release|Any CPU.ActiveCfg = Release|Any CPU
		{0968DB91-03E7-49EB-A954-7CCC1AA1E472}.Release|Any CPU.Build.0 = Release|Any CPU
	EndGlobalSection
	GlobalSection(SolutionProperties) = preSolution
		HideSolutionNode = FALSE
	EndGlobalSection
	GlobalSection(ExtensibilityGlobals) = postSolution
		SolutionGuid = {8C68A578-3255-4678-B5EC-22933EF66A8D}
	EndGlobalSection
EndGlobal
